// !$*UTF8*$!
{
	archiveVersion = 1;
	classes = {
	};
	objectVersion = 46;
	objects = {

/* Begin PBXBuildFile section */
		96CDACFF1BBAAFF8002D3079 /* SimpleTableVC.swift in Sources */ = {isa = PBXBuildFile; fileRef = 96CDACFE1BBAAFF8002D3079 /* SimpleTableVC.swift */; settings = {ASSET_TAGS = (); }; };
		96EFF3FE1BBA9D2D00B29B46 /* SwiftSnippets.swift in Sources */ = {isa = PBXBuildFile; fileRef = 96EFF3FD1BBA9D2D00B29B46 /* SwiftSnippets.swift */; settings = {ASSET_TAGS = (); }; };
		96F3EFFA1BB96AA500E7F3DF /* AppDelegate.swift in Sources */ = {isa = PBXBuildFile; fileRef = 96F3EFF91BB96AA500E7F3DF /* AppDelegate.swift */; };
		96F3EFFC1BB96AA500E7F3DF /* ViewController.swift in Sources */ = {isa = PBXBuildFile; fileRef = 96F3EFFB1BB96AA500E7F3DF /* ViewController.swift */; };
		96F3EFFF1BB96AA500E7F3DF /* Main.storyboard in Resources */ = {isa = PBXBuildFile; fileRef = 96F3EFFD1BB96AA500E7F3DF /* Main.storyboard */; };
		96F3F0011BB96AA500E7F3DF /* Assets.xcassets in Resources */ = {isa = PBXBuildFile; fileRef = 96F3F0001BB96AA500E7F3DF /* Assets.xcassets */; };
		96F3F0041BB96AA500E7F3DF /* LaunchScreen.storyboard in Resources */ = {isa = PBXBuildFile; fileRef = 96F3F0021BB96AA500E7F3DF /* LaunchScreen.storyboard */; };
		96F3F00F1BB96AA500E7F3DF /* SwiftyTests.swift in Sources */ = {isa = PBXBuildFile; fileRef = 96F3F00E1BB96AA500E7F3DF /* SwiftyTests.swift */; };
		96F3F01A1BB96AA500E7F3DF /* SwiftyUITests.swift in Sources */ = {isa = PBXBuildFile; fileRef = 96F3F0191BB96AA500E7F3DF /* SwiftyUITests.swift */; };
		96F3F0281BB97B6600E7F3DF /* MainVC.swift in Sources */ = {isa = PBXBuildFile; fileRef = 96F3F0271BB97B6600E7F3DF /* MainVC.swift */; settings = {ASSET_TAGS = (); }; };
/* End PBXBuildFile section */

/* Begin PBXContainerItemProxy section */
		96F3F00B1BB96AA500E7F3DF /* PBXContainerItemProxy */ = {
			isa = PBXContainerItemProxy;
			containerPortal = 96F3EFEE1BB96AA500E7F3DF /* Project object */;
			proxyType = 1;
			remoteGlobalIDString = 96F3EFF51BB96AA500E7F3DF;
			remoteInfo = Swifty;
		};
		96F3F0161BB96AA500E7F3DF /* PBXContainerItemProxy */ = {
			isa = PBXContainerItemProxy;
			containerPortal = 96F3EFEE1BB96AA500E7F3DF /* Project object */;
			proxyType = 1;
			remoteGlobalIDString = 96F3EFF51BB96AA500E7F3DF;
			remoteInfo = Swifty;
		};
/* End PBXContainerItemProxy section */

/* Begin PBXFileReference section */
		96CDACFE1BBAAFF8002D3079 /* SimpleTableVC.swift */ = {isa = PBXFileReference; fileEncoding = 4; lastKnownFileType = sourcecode.swift; path = SimpleTableVC.swift; sourceTree = "<group>"; };
		96EFF3FD1BBA9D2D00B29B46 /* SwiftSnippets.swift */ = {isa = PBXFileReference; fileEncoding = 4; lastKnownFileType = sourcecode.swift; path = SwiftSnippets.swift; sourceTree = "<group>"; };
		96F3EFF61BB96AA500E7F3DF /* Swifty.app */ = {isa = PBXFileReference; explicitFileType = wrapper.application; includeInIndex = 0; path = Swifty.app; sourceTree = BUILT_PRODUCTS_DIR; };
		96F3EFF91BB96AA500E7F3DF /* AppDelegate.swift */ = {isa = PBXFileReference; lastKnownFileType = sourcecode.swift; path = AppDelegate.swift; sourceTree = "<group>"; };
		96F3EFFB1BB96AA500E7F3DF /* ViewController.swift */ = {isa = PBXFileReference; lastKnownFileType = sourcecode.swift; path = ViewController.swift; sourceTree = "<group>"; };
		96F3EFFE1BB96AA500E7F3DF /* Base */ = {isa = PBXFileReference; lastKnownFileType = file.storyboard; name = Base; path = Base.lproj/Main.storyboard; sourceTree = "<group>"; };
		96F3F0001BB96AA500E7F3DF /* Assets.xcassets */ = {isa = PBXFileReference; lastKnownFileType = folder.assetcatalog; path = Assets.xcassets; sourceTree = "<group>"; };
		96F3F0031BB96AA500E7F3DF /* Base */ = {isa = PBXFileReference; lastKnownFileType = file.storyboard; name = Base; path = Base.lproj/LaunchScreen.storyboard; sourceTree = "<group>"; };
		96F3F0051BB96AA500E7F3DF /* Info.plist */ = {isa = PBXFileReference; lastKnownFileType = text.plist.xml; path = Info.plist; sourceTree = "<group>"; };
		96F3F00A1BB96AA500E7F3DF /* SwiftyTests.xctest */ = {isa = PBXFileReference; explicitFileType = wrapper.cfbundle; includeInIndex = 0; path = SwiftyTests.xctest; sourceTree = BUILT_PRODUCTS_DIR; };
		96F3F00E1BB96AA500E7F3DF /* SwiftyTests.swift */ = {isa = PBXFileReference; lastKnownFileType = sourcecode.swift; path = SwiftyTests.swift; sourceTree = "<group>"; };
		96F3F0101BB96AA500E7F3DF /* Info.plist */ = {isa = PBXFileReference; lastKnownFileType = text.plist.xml; path = Info.plist; sourceTree = "<group>"; };
		96F3F0151BB96AA500E7F3DF /* SwiftyUITests.xctest */ = {isa = PBXFileReference; explicitFileType = wrapper.cfbundle; includeInIndex = 0; path = SwiftyUITests.xctest; sourceTree = BUILT_PRODUCTS_DIR; };
		96F3F0191BB96AA500E7F3DF /* SwiftyUITests.swift */ = {isa = PBXFileReference; lastKnownFileType = sourcecode.swift; path = SwiftyUITests.swift; sourceTree = "<group>"; };
		96F3F01B1BB96AA500E7F3DF /* Info.plist */ = {isa = PBXFileReference; lastKnownFileType = text.plist.xml; path = Info.plist; sourceTree = "<group>"; };
		96F3F0271BB97B6600E7F3DF /* MainVC.swift */ = {isa = PBXFileReference; fileEncoding = 4; lastKnownFileType = sourcecode.swift; path = MainVC.swift; sourceTree = "<group>"; };
/* End PBXFileReference section */

/* Begin PBXFrameworksBuildPhase section */
		96F3EFF31BB96AA500E7F3DF /* Frameworks */ = {
			isa = PBXFrameworksBuildPhase;
			buildActionMask = 2147483647;
			files = (
			);
			runOnlyForDeploymentPostprocessing = 0;
		};
		96F3F0071BB96AA500E7F3DF /* Frameworks */ = {
			isa = PBXFrameworksBuildPhase;
			buildActionMask = 2147483647;
			files = (
			);
			runOnlyForDeploymentPostprocessing = 0;
		};
		96F3F0121BB96AA500E7F3DF /* Frameworks */ = {
			isa = PBXFrameworksBuildPhase;
			buildActionMask = 2147483647;
			files = (
			);
			runOnlyForDeploymentPostprocessing = 0;
		};
/* End PBXFrameworksBuildPhase section */

/* Begin PBXGroup section */
		96F3EFED1BB96AA500E7F3DF = {
			isa = PBXGroup;
			children = (
				96F3EFF81BB96AA500E7F3DF /* Swifty */,
				96F3F00D1BB96AA500E7F3DF /* SwiftyTests */,
				96F3F0181BB96AA500E7F3DF /* SwiftyUITests */,
				96F3EFF71BB96AA500E7F3DF /* Products */,
			);
			sourceTree = "<group>";
		};
		96F3EFF71BB96AA500E7F3DF /* Products */ = {
			isa = PBXGroup;
			children = (
				96F3EFF61BB96AA500E7F3DF /* Swifty.app */,
				96F3F00A1BB96AA500E7F3DF /* SwiftyTests.xctest */,
				96F3F0151BB96AA500E7F3DF /* SwiftyUITests.xctest */,
			);
			name = Products;
			sourceTree = "<group>";
		};
		96F3EFF81BB96AA500E7F3DF /* Swifty */ = {
			isa = PBXGroup;
			children = (
				96EFF3FD1BBA9D2D00B29B46 /* SwiftSnippets.swift */,
				96F3EFF91BB96AA500E7F3DF /* AppDelegate.swift */,
				96F3EFFB1BB96AA500E7F3DF /* ViewController.swift */,
				96F3F0271BB97B6600E7F3DF /* MainVC.swift */,
				96CDACFE1BBAAFF8002D3079 /* SimpleTableVC.swift */,
				96F3EFFD1BB96AA500E7F3DF /* Main.storyboard */,
				96F3F0001BB96AA500E7F3DF /* Assets.xcassets */,
				96F3F0021BB96AA500E7F3DF /* LaunchScreen.storyboard */,
				96F3F0051BB96AA500E7F3DF /* Info.plist */,
			);
			path = Swifty;
			sourceTree = "<group>";
		};
		96F3F00D1BB96AA500E7F3DF /* SwiftyTests */ = {
			isa = PBXGroup;
			children = (
				96F3F00E1BB96AA500E7F3DF /* SwiftyTests.swift */,
				96F3F0101BB96AA500E7F3DF /* Info.plist */,
			);
			path = SwiftyTests;
			sourceTree = "<group>";
		};
		96F3F0181BB96AA500E7F3DF /* SwiftyUITests */ = {
			isa = PBXGroup;
			children = (
				96F3F0191BB96AA500E7F3DF /* SwiftyUITests.swift */,
				96F3F01B1BB96AA500E7F3DF /* Info.plist */,
			);
			path = SwiftyUITests;
			sourceTree = "<group>";
		};
/* End PBXGroup section */

/* Begin PBXNativeTarget section */
		96F3EFF51BB96AA500E7F3DF /* Swifty */ = {
			isa = PBXNativeTarget;
			buildConfigurationList = 96F3F01E1BB96AA500E7F3DF /* Build configuration list for PBXNativeTarget "Swifty" */;
			buildPhases = (
				96F3EFF21BB96AA500E7F3DF /* Sources */,
				96F3EFF31BB96AA500E7F3DF /* Frameworks */,
				96F3EFF41BB96AA500E7F3DF /* Resources */,
			);
			buildRules = (
			);
			dependencies = (
			);
			name = Swifty;
			productName = Swifty;
			productReference = 96F3EFF61BB96AA500E7F3DF /* Swifty.app */;
			productType = "com.apple.product-type.application";
		};
		96F3F0091BB96AA500E7F3DF /* SwiftyTests */ = {
			isa = PBXNativeTarget;
			buildConfigurationList = 96F3F0211BB96AA500E7F3DF /* Build configuration list for PBXNativeTarget "SwiftyTests" */;
			buildPhases = (
				96F3F0061BB96AA500E7F3DF /* Sources */,
				96F3F0071BB96AA500E7F3DF /* Frameworks */,
				96F3F0081BB96AA500E7F3DF /* Resources */,
			);
			buildRules = (
			);
			dependencies = (
				96F3F00C1BB96AA500E7F3DF /* PBXTargetDependency */,
			);
			name = SwiftyTests;
			productName = SwiftyTests;
			productReference = 96F3F00A1BB96AA500E7F3DF /* SwiftyTests.xctest */;
			productType = "com.apple.product-type.bundle.unit-test";
		};
		96F3F0141BB96AA500E7F3DF /* SwiftyUITests */ = {
			isa = PBXNativeTarget;
			buildConfigurationList = 96F3F0241BB96AA500E7F3DF /* Build configuration list for PBXNativeTarget "SwiftyUITests" */;
			buildPhases = (
				96F3F0111BB96AA500E7F3DF /* Sources */,
				96F3F0121BB96AA500E7F3DF /* Frameworks */,
				96F3F0131BB96AA500E7F3DF /* Resources */,
			);
			buildRules = (
			);
			dependencies = (
				96F3F0171BB96AA500E7F3DF /* PBXTargetDependency */,
			);
			name = SwiftyUITests;
			productName = SwiftyUITests;
			productReference = 96F3F0151BB96AA500E7F3DF /* SwiftyUITests.xctest */;
			productType = "com.apple.product-type.bundle.ui-testing";
		};
/* End PBXNativeTarget section */

/* Begin PBXProject section */
		96F3EFEE1BB96AA500E7F3DF /* Project object */ = {
			isa = PBXProject;
			attributes = {
				LastUpgradeCheck = 0700;
				ORGANIZATIONNAME = SparklingMind;
				TargetAttributes = {
					96F3EFF51BB96AA500E7F3DF = {
						CreatedOnToolsVersion = 7.0;
					};
					96F3F0091BB96AA500E7F3DF = {
						CreatedOnToolsVersion = 7.0;
						TestTargetID = 96F3EFF51BB96AA500E7F3DF;
					};
					96F3F0141BB96AA500E7F3DF = {
						CreatedOnToolsVersion = 7.0;
						TestTargetID = 96F3EFF51BB96AA500E7F3DF;
					};
				};
			};
			buildConfigurationList = 96F3EFF11BB96AA500E7F3DF /* Build configuration list for PBXProject "Swifty" */;
			compatibilityVersion = "Xcode 3.2";
			developmentRegion = English;
			hasScannedForEncodings = 0;
			knownRegions = (
				en,
				Base,
			);
			mainGroup = 96F3EFED1BB96AA500E7F3DF;
			productRefGroup = 96F3EFF71BB96AA500E7F3DF /* Products */;
			projectDirPath = "";
			projectRoot = "";
			targets = (
				96F3EFF51BB96AA500E7F3DF /* Swifty */,
				96F3F0091BB96AA500E7F3DF /* SwiftyTests */,
				96F3F0141BB96AA500E7F3DF /* SwiftyUITests */,
			);
		};
/* End PBXProject section */

/* Begin PBXResourcesBuildPhase section */
		96F3EFF41BB96AA500E7F3DF /* Resources */ = {
			isa = PBXResourcesBuildPhase;
			buildActionMask = 2147483647;
			files = (
				96F3F0041BB96AA500E7F3DF /* LaunchScreen.storyboard in Resources */,
				96F3F0011BB96AA500E7F3DF /* Assets.xcassets in Resources */,
				96F3EFFF1BB96AA500E7F3DF /* Main.storyboard in Resources */,
			);
			runOnlyForDeploymentPostprocessing = 0;
		};
		96F3F0081BB96AA500E7F3DF /* Resources */ = {
			isa = PBXResourcesBuildPhase;
			buildActionMask = 2147483647;
			files = (
			);
			runOnlyForDeploymentPostprocessing = 0;
		};
		96F3F0131BB96AA500E7F3DF /* Resources */ = {
			isa = PBXResourcesBuildPhase;
			buildActionMask = 2147483647;
			files = (
			);
			runOnlyForDeploymentPostprocessing = 0;
		};
/* End PBXResourcesBuildPhase section */

/* Begin PBXSourcesBuildPhase section */
		96F3EFF21BB96AA500E7F3DF /* Sources */ = {
			isa = PBXSourcesBuildPhase;
			buildActionMask = 2147483647;
			files = (
				96CDACFF1BBAAFF8002D3079 /* SimpleTableVC.swift in Sources */,
				96F3EFFC1BB96AA500E7F3DF /* ViewController.swift in Sources */,
				96EFF3FE1BBA9D2D00B29B46 /* SwiftSnippets.swift in Sources */,
				96F3F0281BB97B6600E7F3DF /* MainVC.swift in Sources */,
				96F3EFFA1BB96AA500E7F3DF /* AppDelegate.swift in Sources */,
			);
			runOnlyForDeploymentPostprocessing = 0;
		};
		96F3F0061BB96AA500E7F3DF /* Sources */ = {
			isa = PBXSourcesBuildPhase;
			buildActionMask = 2147483647;
			files = (
				96F3F00F1BB96AA500E7F3DF /* SwiftyTests.swift in Sources */,
			);
			runOnlyForDeploymentPostprocessing = 0;
		};
		96F3F0111BB96AA500E7F3DF /* Sources */ = {
			isa = PBXSourcesBuildPhase;
			buildActionMask = 2147483647;
			files = (
				96F3F01A1BB96AA500E7F3DF /* SwiftyUITests.swift in Sources */,
			);
			runOnlyForDeploymentPostprocessing = 0;
		};
/* End PBXSourcesBuildPhase section */

/* Begin PBXTargetDependency section */
		96F3F00C1BB96AA500E7F3DF /* PBXTargetDependency */ = {
			isa = PBXTargetDependency;
			target = 96F3EFF51BB96AA500E7F3DF /* Swifty */;
			targetProxy = 96F3F00B1BB96AA500E7F3DF /* PBXContainerItemProxy */;
		};
		96F3F0171BB96AA500E7F3DF /* PBXTargetDependency */ = {
			isa = PBXTargetDependency;
			target = 96F3EFF51BB96AA500E7F3DF /* Swifty */;
			targetProxy = 96F3F0161BB96AA500E7F3DF /* PBXContainerItemProxy */;
		};
/* End PBXTargetDependency section */

/* Begin PBXVariantGroup section */
		96F3EFFD1BB96AA500E7F3DF /* Main.storyboard */ = {
			isa = PBXVariantGroup;
			children = (
				96F3EFFE1BB96AA500E7F3DF /* Base */,
			);
			name = Main.storyboard;
			sourceTree = "<group>";
		};
		96F3F0021BB96AA500E7F3DF /* LaunchScreen.storyboard */ = {
			isa = PBXVariantGroup;
			children = (
				96F3F0031BB96AA500E7F3DF /* Base */,
			);
			name = LaunchScreen.storyboard;
			sourceTree = "<group>";
		};
/* End PBXVariantGroup section */

/* Begin XCBuildConfiguration section */
		96F3F01C1BB96AA500E7F3DF /* Debug */ = {
			isa = XCBuildConfiguration;
			buildSettings = {
				ALWAYS_SEARCH_USER_PATHS = NO;
				CLANG_CXX_LANGUAGE_STANDARD = "gnu++0x";
				CLANG_CXX_LIBRARY = "libc++";
				CLANG_ENABLE_MODULES = YES;
				CLANG_ENABLE_OBJC_ARC = YES;
				CLANG_WARN_BOOL_CONVERSION = YES;
				CLANG_WARN_CONSTANT_CONVERSION = YES;
				CLANG_WARN_DIRECT_OBJC_ISA_USAGE = YES_ERROR;
				CLANG_WARN_EMPTY_BODY = YES;
				CLANG_WARN_ENUM_CONVERSION = YES;
				CLANG_WARN_INT_CONVERSION = YES;
				CLANG_WARN_OBJC_ROOT_CLASS = YES_ERROR;
				CLANG_WARN_UNREACHABLE_CODE = YES;
				CLANG_WARN__DUPLICATE_METHOD_MATCH = YES;
				"CODE_SIGN_IDENTITY[sdk=iphoneos*]" = "iPhone Developer";
				COPY_PHASE_STRIP = NO;
				DEBUG_INFORMATION_FORMAT = dwarf;
				ENABLE_STRICT_OBJC_MSGSEND = YES;
				ENABLE_TESTABILITY = YES;
				GCC_C_LANGUAGE_STANDARD = gnu99;
				GCC_DYNAMIC_NO_PIC = NO;
				GCC_NO_COMMON_BLOCKS = YES;
				GCC_OPTIMIZATION_LEVEL = 0;
				GCC_PREPROCESSOR_DEFINITIONS = (
					"DEBUG=1",
					"$(inherited)",
				);
				GCC_WARN_64_TO_32_BIT_CONVERSION = YES;
				GCC_WARN_ABOUT_RETURN_TYPE = YES_ERROR;
				GCC_WARN_UNDECLARED_SELECTOR = YES;
				GCC_WARN_UNINITIALIZED_AUTOS = YES_AGGRESSIVE;
				GCC_WARN_UNUSED_FUNCTION = YES;
				GCC_WARN_UNUSED_VARIABLE = YES;
				IPHONEOS_DEPLOYMENT_TARGET = 9.0;
				MTL_ENABLE_DEBUG_INFO = YES;
				ONLY_ACTIVE_ARCH = YES;
				SDKROOT = iphoneos;
				SWIFT_OPTIMIZATION_LEVEL = "-Onone";
			};
			name = Debug;
		};
		96F3F01D1BB96AA500E7F3DF /* Release */ = {
			isa = XCBuildConfiguration;
			buildSettings = {
				ALWAYS_SEARCH_USER_PATHS = NO;
				CLANG_CXX_LANGUAGE_STANDARD = "gnu++0x";
				CLANG_CXX_LIBRARY = "libc++";
				CLANG_ENABLE_MODULES = YES;
				CLANG_ENABLE_OBJC_ARC = YES;
				CLANG_WARN_BOOL_CONVERSION = YES;
				CLANG_WARN_CONSTANT_CONVERSION = YES;
				CLANG_WARN_DIRECT_OBJC_ISA_USAGE = YES_ERROR;
				CLANG_WARN_EMPTY_BODY = YES;
				CLANG_WARN_ENUM_CONVERSION = YES;
				CLANG_WARN_INT_CONVERSION = YES;
				CLANG_WARN_OBJC_ROOT_CLASS = YES_ERROR;
				CLANG_WARN_UNREACHABLE_CODE = YES;
				CLANG_WARN__DUPLICATE_METHOD_MATCH = YES;
				"CODE_SIGN_IDENTITY[sdk=iphoneos*]" = "iPhone Developer";
				COPY_PHASE_STRIP = NO;
				DEBUG_INFORMATION_FORMAT = "dwarf-with-dsym";
				ENABLE_NS_ASSERTIONS = NO;
				ENABLE_STRICT_OBJC_MSGSEND = YES;
				GCC_C_LANGUAGE_STANDARD = gnu99;
				GCC_NO_COMMON_BLOCKS = YES;
				GCC_WARN_64_TO_32_BIT_CONVERSION = YES;
				GCC_WARN_ABOUT_RETURN_TYPE = YES_ERROR;
				GCC_WARN_UNDECLARED_SELECTOR = YES;
				GCC_WARN_UNINITIALIZED_AUTOS = YES_AGGRESSIVE;
				GCC_WARN_UNUSED_FUNCTION = YES;
				GCC_WARN_UNUSED_VARIABLE = YES;
				IPHONEOS_DEPLOYMENT_TARGET = 9.0;
				MTL_ENABLE_DEBUG_INFO = NO;
				SDKROOT = iphoneos;
				VALIDATE_PRODUCT = YES;
			};
			name = Release;
		};
		96F3F01F1BB96AA500E7F3DF /* Debug */ = {
			isa = XCBuildConfiguration;
			buildSettings = {
				ASSETCATALOG_COMPILER_APPICON_NAME = AppIcon;
				INFOPLIST_FILE = Swifty/Info.plist;
				LD_RUNPATH_SEARCH_PATHS = "$(inherited) @executable_path/Frameworks";
				PRODUCT_BUNDLE_IDENTIFIER = SparklingMind.Swifty;
				PRODUCT_NAME = "$(TARGET_NAME)";
			};
			name = Debug;
		};
		96F3F0201BB96AA500E7F3DF /* Release */ = {
			isa = XCBuildConfiguration;
			buildSettings = {
				ASSETCATALOG_COMPILER_APPICON_NAME = AppIcon;
				INFOPLIST_FILE = Swifty/Info.plist;
				LD_RUNPATH_SEARCH_PATHS = "$(inherited) @executable_path/Frameworks";
				PRODUCT_BUNDLE_IDENTIFIER = SparklingMind.Swifty;
				PRODUCT_NAME = "$(TARGET_NAME)";
			};
			name = Release;
		};
		96F3F0221BB96AA500E7F3DF /* Debug */ = {
			isa = XCBuildConfiguration;
			buildSettings = {
				BUNDLE_LOADER = "$(TEST_HOST)";
				INFOPLIST_FILE = SwiftyTests/Info.plist;
				LD_RUNPATH_SEARCH_PATHS = "$(inherited) @executable_path/Frameworks @loader_path/Frameworks";
				PRODUCT_BUNDLE_IDENTIFIER = SparklingMind.SwiftyTests;
				PRODUCT_NAME = "$(TARGET_NAME)";
				TEST_HOST = "$(BUILT_PRODUCTS_DIR)/Swifty.app/Swifty";
			};
			name = Debug;
		};
		96F3F0231BB96AA500E7F3DF /* Release */ = {
			isa = XCBuildConfiguration;
			buildSettings = {
				BUNDLE_LOADER = "$(TEST_HOST)";
				INFOPLIST_FILE = SwiftyTests/Info.plist;
				LD_RUNPATH_SEARCH_PATHS = "$(inherited) @executable_path/Frameworks @loader_path/Frameworks";
				PRODUCT_BUNDLE_IDENTIFIER = SparklingMind.SwiftyTests;
				PRODUCT_NAME = "$(TARGET_NAME)";
				TEST_HOST = "$(BUILT_PRODUCTS_DIR)/Swifty.app/Swifty";
			};
			name = Release;
		};
		96F3F0251BB96AA500E7F3DF /* Debug */ = {
			isa = XCBuildConfiguration;
			buildSettings = {
				INFOPLIST_FILE = SwiftyUITests/Info.plist;
				LD_RUNPATH_SEARCH_PATHS = "$(inherited) @executable_path/Frameworks @loader_path/Frameworks";
				PRODUCT_BUNDLE_IDENTIFIER = SparklingMind.SwiftyUITests;
				PRODUCT_NAME = "$(TARGET_NAME)";
				TEST_TARGET_NAME = Swifty;
				USES_XCTRUNNER = YES;
			};
			name = Debug;
		};
		96F3F0261BB96AA500E7F3DF /* Release */ = {
			isa = XCBuildConfiguration;
			buildSettings = {
				INFOPLIST_FILE = SwiftyUITests/Info.plist;
				LD_RUNPATH_SEARCH_PATHS = "$(inherited) @executable_path/Frameworks @loader_path/Frameworks";
				PRODUCT_BUNDLE_IDENTIFIER = SparklingMind.SwiftyUITests;
				PRODUCT_NAME = "$(TARGET_NAME)";
				TEST_TARGET_NAME = Swifty;
				USES_XCTRUNNER = YES;
			};
			name = Release;
		};
/* End XCBuildConfiguration section */

/* Begin XCConfigurationList section */
		96F3EFF11BB96AA500E7F3DF /* Build configuration list for PBXProject "Swifty" */ = {
			isa = XCConfigurationList;
			buildConfigurations = (
				96F3F01C1BB96AA500E7F3DF /* Debug */,
				96F3F01D1BB96AA500E7F3DF /* Release */,
			);
			defaultConfigurationIsVisible = 0;
			defaultConfigurationName = Release;
		};
		96F3F01E1BB96AA500E7F3DF /* Build configuration list for PBXNativeTarget "Swifty" */ = {
			isa = XCConfigurationList;
			buildConfigurations = (
				96F3F01F1BB96AA500E7F3DF /* Debug */,
				96F3F0201BB96AA500E7F3DF /* Release */,
			);
			defaultConfigurationIsVisible = 0;
			defaultConfigurationName = Release;
		};
		96F3F0211BB96AA500E7F3DF /* Build configuration list for PBXNativeTarget "SwiftyTests" */ = {
			isa = XCConfigurationList;
			buildConfigurations = (
				96F3F0221BB96AA500E7F3DF /* Debug */,
				96F3F0231BB96AA500E7F3DF /* Release */,
			);
			defaultConfigurationIsVisible = 0;
			defaultConfigurationName = Release;
		};
		96F3F0241BB96AA500E7F3DF /* Build configuration list for PBXNativeTarget "SwiftyUITests" */ = {
			isa = XCConfigurationList;
			buildConfigurations = (
				96F3F0251BB96AA500E7F3DF /* Debug */,
				96F3F0261BB96AA500E7F3DF /* Release */,
			);
			defaultConfigurationIsVisible = 0;
			defaultConfigurationName = Release;
		};
/* End XCConfigurationList section */
	};
	rootObject = 96F3EFEE1BB96AA500E7F3DF /* Project object */;
}
